// !$*UTF8*$!
{
	archiveVersion = 1;
	classes = {
	};
	objectVersion = 56;
	objects = {

/* Begin PBXBuildFile section */
		761598F22A3B3A1E005864F7 /* TVFreakListApp.swift in Sources */ = {isa = PBXBuildFile; fileRef = 761598F12A3B3A1E005864F7 /* TVFreakListApp.swift */; };
		761598F62A3B3A1F005864F7 /* Assets.xcassets in Resources */ = {isa = PBXBuildFile; fileRef = 761598F52A3B3A1F005864F7 /* Assets.xcassets */; };
		761598F92A3B3A1F005864F7 /* Preview Assets.xcassets in Resources */ = {isa = PBXBuildFile; fileRef = 761598F82A3B3A1F005864F7 /* Preview Assets.xcassets */; };
		761598FF2A3C44DE005864F7 /* TabBarView.swift in Sources */ = {isa = PBXBuildFile; fileRef = 76ADF7D22A3074E000647359 /* TabBarView.swift */; };
		761599002A3C457C005864F7 /* ProfileView.swift in Sources */ = {isa = PBXBuildFile; fileRef = 76A754272A309666008F3294 /* ProfileView.swift */; };
		761599022A3C4581005864F7 /* HomeView.swift in Sources */ = {isa = PBXBuildFile; fileRef = 76A754252A309656008F3294 /* HomeView.swift */; };
		7615990C2A3C737A005864F7 /* FreaksModel.swift in Sources */ = {isa = PBXBuildFile; fileRef = 7615990B2A3C737A005864F7 /* FreaksModel.swift */; };
		761A769A2A3C8633002C4D4D /* TVFreakListView.swift in Sources */ = {isa = PBXBuildFile; fileRef = 761A76992A3C8633002C4D4D /* TVFreakListView.swift */; };
		76A754242A308ED2008F3294 /* FreaksListView.swift in Sources */ = {isa = PBXBuildFile; fileRef = 76A754232A308ED2008F3294 /* FreaksListView.swift */; };
		76A754262A309656008F3294 /* HomeView.swift in Sources */ = {isa = PBXBuildFile; fileRef = 76A754252A309656008F3294 /* HomeView.swift */; };
		76A754282A309666008F3294 /* ProfileView.swift in Sources */ = {isa = PBXBuildFile; fileRef = 76A754272A309666008F3294 /* ProfileView.swift */; };
		76ADF7D12A3074E000647359 /* FreaksListApp.swift in Sources */ = {isa = PBXBuildFile; fileRef = 76ADF7D02A3074E000647359 /* FreaksListApp.swift */; };
		76ADF7D32A3074E000647359 /* TabBarView.swift in Sources */ = {isa = PBXBuildFile; fileRef = 76ADF7D22A3074E000647359 /* TabBarView.swift */; };
		76ADF7D52A3074E100647359 /* Assets.xcassets in Resources */ = {isa = PBXBuildFile; fileRef = 76ADF7D42A3074E100647359 /* Assets.xcassets */; };
		76ADF7D82A3074E100647359 /* Preview Assets.xcassets in Resources */ = {isa = PBXBuildFile; fileRef = 76ADF7D72A3074E100647359 /* Preview Assets.xcassets */; };
/* End PBXBuildFile section */

/* Begin PBXFileReference section */
		761598EF2A3B3A1E005864F7 /* TVFreakList.app */ = {isa = PBXFileReference; explicitFileType = wrapper.application; includeInIndex = 0; path = TVFreakList.app; sourceTree = BUILT_PRODUCTS_DIR; };
		761598F12A3B3A1E005864F7 /* TVFreakListApp.swift */ = {isa = PBXFileReference; lastKnownFileType = sourcecode.swift; path = TVFreakListApp.swift; sourceTree = "<group>"; };
		761598F52A3B3A1F005864F7 /* Assets.xcassets */ = {isa = PBXFileReference; lastKnownFileType = folder.assetcatalog; path = Assets.xcassets; sourceTree = "<group>"; };
		761598F82A3B3A1F005864F7 /* Preview Assets.xcassets */ = {isa = PBXFileReference; lastKnownFileType = folder.assetcatalog; path = "Preview Assets.xcassets"; sourceTree = "<group>"; };
		7615990B2A3C737A005864F7 /* FreaksModel.swift */ = {isa = PBXFileReference; lastKnownFileType = sourcecode.swift; path = FreaksModel.swift; sourceTree = "<group>"; };
		761A76992A3C8633002C4D4D /* TVFreakListView.swift */ = {isa = PBXFileReference; lastKnownFileType = sourcecode.swift; path = TVFreakListView.swift; sourceTree = "<group>"; };
		76A754232A308ED2008F3294 /* FreaksListView.swift */ = {isa = PBXFileReference; lastKnownFileType = sourcecode.swift; path = FreaksListView.swift; sourceTree = "<group>"; };
		76A754252A309656008F3294 /* HomeView.swift */ = {isa = PBXFileReference; lastKnownFileType = sourcecode.swift; path = HomeView.swift; sourceTree = "<group>"; };
		76A754272A309666008F3294 /* ProfileView.swift */ = {isa = PBXFileReference; lastKnownFileType = sourcecode.swift; path = ProfileView.swift; sourceTree = "<group>"; };
		76ADF7CD2A3074E000647359 /* FreaksList.app */ = {isa = PBXFileReference; explicitFileType = wrapper.application; includeInIndex = 0; path = FreaksList.app; sourceTree = BUILT_PRODUCTS_DIR; };
		76ADF7D02A3074E000647359 /* FreaksListApp.swift */ = {isa = PBXFileReference; lastKnownFileType = sourcecode.swift; path = FreaksListApp.swift; sourceTree = "<group>"; };
		76ADF7D22A3074E000647359 /* TabBarView.swift */ = {isa = PBXFileReference; lastKnownFileType = sourcecode.swift; path = TabBarView.swift; sourceTree = "<group>"; };
		76ADF7D42A3074E100647359 /* Assets.xcassets */ = {isa = PBXFileReference; lastKnownFileType = folder.assetcatalog; path = Assets.xcassets; sourceTree = "<group>"; };
		76ADF7D72A3074E100647359 /* Preview Assets.xcassets */ = {isa = PBXFileReference; lastKnownFileType = folder.assetcatalog; path = "Preview Assets.xcassets"; sourceTree = "<group>"; };
/* End PBXFileReference section */

/* Begin PBXFrameworksBuildPhase section */
		761598EC2A3B3A1E005864F7 /* Frameworks */ = {
			isa = PBXFrameworksBuildPhase;
			buildActionMask = 2147483647;
			files = (
			);
			runOnlyForDeploymentPostprocessing = 0;
		};
		76ADF7CA2A3074E000647359 /* Frameworks */ = {
			isa = PBXFrameworksBuildPhase;
			buildActionMask = 2147483647;
			files = (
			);
			runOnlyForDeploymentPostprocessing = 0;
		};
/* End PBXFrameworksBuildPhase section */

/* Begin PBXGroup section */
		761598F02A3B3A1E005864F7 /* TVFreakList */ = {
			isa = PBXGroup;
			children = (
				761599032A3C4693005864F7 /* Feature */,
				761598F12A3B3A1E005864F7 /* TVFreakListApp.swift */,
				761598F52A3B3A1F005864F7 /* Assets.xcassets */,
				761598F72A3B3A1F005864F7 /* Preview Content */,
			);
			path = TVFreakList;
			sourceTree = "<group>";
		};
		761598F72A3B3A1F005864F7 /* Preview Content */ = {
			isa = PBXGroup;
			children = (
				761598F82A3B3A1F005864F7 /* Preview Assets.xcassets */,
			);
			path = "Preview Content";
			sourceTree = "<group>";
		};
		761598FD2A3C440F005864F7 /* Shared */ = {
			isa = PBXGroup;
			children = (
				761599062A3C474B005864F7 /* Features */,
			);
			path = Shared;
			sourceTree = "<group>";
		};
		761598FE2A3C44CF005864F7 /* TabBar */ = {
			isa = PBXGroup;
			children = (
				76ADF7D22A3074E000647359 /* TabBarView.swift */,
			);
			path = TabBar;
			sourceTree = "<group>";
		};
		761599032A3C4693005864F7 /* Feature */ = {
			isa = PBXGroup;
			children = (
				761599072A3C4C8A005864F7 /* Freaks */,
			);
			path = Feature;
			sourceTree = "<group>";
		};
		761599062A3C474B005864F7 /* Features */ = {
			isa = PBXGroup;
			children = (
				76A7542D2A3099AC008F3294 /* Home */,
				76A7542E2A3099B5008F3294 /* Profile */,
				761598FE2A3C44CF005864F7 /* TabBar */,
			);
			path = Features;
			sourceTree = "<group>";
		};
		761599072A3C4C8A005864F7 /* Freaks */ = {
			isa = PBXGroup;
			children = (
				7615990A2A3C735D005864F7 /* Model */,
				761599092A3C7354005864F7 /* View */,
			);
			path = Freaks;
			sourceTree = "<group>";
		};
		761599092A3C7354005864F7 /* View */ = {
			isa = PBXGroup;
			children = (
				761A76992A3C8633002C4D4D /* TVFreakListView.swift */,
			);
			path = View;
			sourceTree = "<group>";
		};
		7615990A2A3C735D005864F7 /* Model */ = {
			isa = PBXGroup;
			children = (
				7615990B2A3C737A005864F7 /* FreaksModel.swift */,
			);
			path = Model;
			sourceTree = "<group>";
		};
		76A7542C2A3099A3008F3294 /* Feature */ = {
			isa = PBXGroup;
			children = (
				76A7542F2A3099BC008F3294 /* Freaks */,
			);
			path = Feature;
			sourceTree = "<group>";
		};
		76A7542D2A3099AC008F3294 /* Home */ = {
			isa = PBXGroup;
			children = (
				76A754252A309656008F3294 /* HomeView.swift */,
			);
			path = Home;
			sourceTree = "<group>";
		};
		76A7542E2A3099B5008F3294 /* Profile */ = {
			isa = PBXGroup;
			children = (
				76A754272A309666008F3294 /* ProfileView.swift */,
			);
			path = Profile;
			sourceTree = "<group>";
		};
		76A7542F2A3099BC008F3294 /* Freaks */ = {
			isa = PBXGroup;
			children = (
				76A754232A308ED2008F3294 /* FreaksListView.swift */,
			);
			path = Freaks;
			sourceTree = "<group>";
		};
		76ADF7C42A3074E000647359 = {
			isa = PBXGroup;
			children = (
				761598FD2A3C440F005864F7 /* Shared */,
				76ADF7CF2A3074E000647359 /* FreaksList */,
				761598F02A3B3A1E005864F7 /* TVFreakList */,
				76ADF7CE2A3074E000647359 /* Products */,
			);
			sourceTree = "<group>";
		};
		76ADF7CE2A3074E000647359 /* Products */ = {
			isa = PBXGroup;
			children = (
				76ADF7CD2A3074E000647359 /* FreaksList.app */,
				761598EF2A3B3A1E005864F7 /* TVFreakList.app */,
			);
			name = Products;
			sourceTree = "<group>";
		};
		76ADF7CF2A3074E000647359 /* FreaksList */ = {
			isa = PBXGroup;
			children = (
				76A7542C2A3099A3008F3294 /* Feature */,
				76ADF7D02A3074E000647359 /* FreaksListApp.swift */,
				76ADF7D42A3074E100647359 /* Assets.xcassets */,
				76ADF7D62A3074E100647359 /* Preview Content */,
			);
			path = FreaksList;
			sourceTree = "<group>";
		};
		76ADF7D62A3074E100647359 /* Preview Content */ = {
			isa = PBXGroup;
			children = (
				76ADF7D72A3074E100647359 /* Preview Assets.xcassets */,
			);
			path = "Preview Content";
			sourceTree = "<group>";
		};
/* End PBXGroup section */

/* Begin PBXNativeTarget section */
		761598EE2A3B3A1E005864F7 /* TVFreakList */ = {
			isa = PBXNativeTarget;
			buildConfigurationList = 761598FC2A3B3A1F005864F7 /* Build configuration list for PBXNativeTarget "TVFreakList" */;
			buildPhases = (
				761598EB2A3B3A1E005864F7 /* Sources */,
				761598EC2A3B3A1E005864F7 /* Frameworks */,
				761598ED2A3B3A1E005864F7 /* Resources */,
			);
			buildRules = (
			);
			dependencies = (
			);
			name = TVFreakList;
			productName = TVFreakList;
			productReference = 761598EF2A3B3A1E005864F7 /* TVFreakList.app */;
			productType = "com.apple.product-type.application";
		};
		76ADF7CC2A3074E000647359 /* FreaksList */ = {
			isa = PBXNativeTarget;
			buildConfigurationList = 76ADF7DB2A3074E100647359 /* Build configuration list for PBXNativeTarget "FreaksList" */;
			buildPhases = (
				76ADF7C92A3074E000647359 /* Sources */,
				76ADF7CA2A3074E000647359 /* Frameworks */,
				76ADF7CB2A3074E000647359 /* Resources */,
			);
			buildRules = (
			);
			dependencies = (
			);
			name = FreaksList;
			productName = FreaksList;
			productReference = 76ADF7CD2A3074E000647359 /* FreaksList.app */;
			productType = "com.apple.product-type.application";
		};
/* End PBXNativeTarget section */

/* Begin PBXProject section */
		76ADF7C52A3074E000647359 /* Project object */ = {
			isa = PBXProject;
			attributes = {
				BuildIndependentTargetsInParallel = 1;
				LastSwiftUpdateCheck = 1430;
				LastUpgradeCheck = 1430;
				TargetAttributes = {
					761598EE2A3B3A1E005864F7 = {
						CreatedOnToolsVersion = 14.3;
					};
					76ADF7CC2A3074E000647359 = {
						CreatedOnToolsVersion = 14.3;
					};
				};
			};
			buildConfigurationList = 76ADF7C82A3074E000647359 /* Build configuration list for PBXProject "FreaksList" */;
			compatibilityVersion = "Xcode 14.0";
			developmentRegion = en;
			hasScannedForEncodings = 0;
			knownRegions = (
				en,
				Base,
			);
			mainGroup = 76ADF7C42A3074E000647359;
			productRefGroup = 76ADF7CE2A3074E000647359 /* Products */;
			projectDirPath = "";
			projectRoot = "";
			targets = (
				76ADF7CC2A3074E000647359 /* FreaksList */,
				761598EE2A3B3A1E005864F7 /* TVFreakList */,
			);
		};
/* End PBXProject section */

/* Begin PBXResourcesBuildPhase section */
		761598ED2A3B3A1E005864F7 /* Resources */ = {
			isa = PBXResourcesBuildPhase;
			buildActionMask = 2147483647;
			files = (
				761598F92A3B3A1F005864F7 /* Preview Assets.xcassets in Resources */,
				761598F62A3B3A1F005864F7 /* Assets.xcassets in Resources */,
			);
			runOnlyForDeploymentPostprocessing = 0;
		};
		76ADF7CB2A3074E000647359 /* Resources */ = {
			isa = PBXResourcesBuildPhase;
			buildActionMask = 2147483647;
			files = (
				76ADF7D82A3074E100647359 /* Preview Assets.xcassets in Resources */,
				76ADF7D52A3074E100647359 /* Assets.xcassets in Resources */,
			);
			runOnlyForDeploymentPostprocessing = 0;
		};
/* End PBXResourcesBuildPhase section */

/* Begin PBXSourcesBuildPhase section */
		761598EB2A3B3A1E005864F7 /* Sources */ = {
			isa = PBXSourcesBuildPhase;
			buildActionMask = 2147483647;
			files = (
				761599002A3C457C005864F7 /* ProfileView.swift in Sources */,
				761A769A2A3C8633002C4D4D /* TVFreakListView.swift in Sources */,
				761599022A3C4581005864F7 /* HomeView.swift in Sources */,
				7615990C2A3C737A005864F7 /* FreaksModel.swift in Sources */,
				761598FF2A3C44DE005864F7 /* TabBarView.swift in Sources */,
				761598F22A3B3A1E005864F7 /* TVFreakListApp.swift in Sources */,
			);
			runOnlyForDeploymentPostprocessing = 0;
		};
		76ADF7C92A3074E000647359 /* Sources */ = {
			isa = PBXSourcesBuildPhase;
			buildActionMask = 2147483647;
			files = (
				76ADF7D32A3074E000647359 /* TabBarView.swift in Sources */,
				76A754262A309656008F3294 /* HomeView.swift in Sources */,
				76A754282A309666008F3294 /* ProfileView.swift in Sources */,
				76ADF7D12A3074E000647359 /* FreaksListApp.swift in Sources */,
				76A754242A308ED2008F3294 /* FreaksListView.swift in Sources */,
			);
			runOnlyForDeploymentPostprocessing = 0;
		};
/* End PBXSourcesBuildPhase section */

/* Begin XCBuildConfiguration section */
		761598FA2A3B3A1F005864F7 /* Debug */ = {
			isa = XCBuildConfiguration;
			buildSettings = {
				ASSETCATALOG_COMPILER_APPICON_NAME = "App Icon & Top Shelf Image";
				ASSETCATALOG_COMPILER_GLOBAL_ACCENT_COLOR_NAME = AccentColor;
				CODE_SIGN_STYLE = Automatic;
				CURRENT_PROJECT_VERSION = 1;
				DEVELOPMENT_ASSET_PATHS = "\"TVFreakList/Preview Content\"";
				DEVELOPMENT_TEAM = 2NYK4JQZ6U;
				ENABLE_PREVIEWS = YES;
				GENERATE_INFOPLIST_FILE = YES;
				INFOPLIST_KEY_UILaunchScreen_Generation = YES;
				INFOPLIST_KEY_UIUserInterfaceStyle = Automatic;
				LD_RUNPATH_SEARCH_PATHS = (
					"$(inherited)",
					"@executable_path/Frameworks",
				);
				MARKETING_VERSION = 1.0;
				PRODUCT_BUNDLE_IDENTIFIER = agilefreaks.TVFreakList;
				PRODUCT_NAME = "$(TARGET_NAME)";
				SDKROOT = appletvos;
				SWIFT_EMIT_LOC_STRINGS = YES;
				SWIFT_VERSION = 5.0;
				TARGETED_DEVICE_FAMILY = 3;
				TVOS_DEPLOYMENT_TARGET = 16.4;
			};
			name = Debug;
		};
		761598FB2A3B3A1F005864F7 /* Release */ = {
			isa = XCBuildConfiguration;
			buildSettings = {
				ASSETCATALOG_COMPILER_APPICON_NAME = "App Icon & Top Shelf Image";
				ASSETCATALOG_COMPILER_GLOBAL_ACCENT_COLOR_NAME = AccentColor;
				CODE_SIGN_STYLE = Automatic;
				CURRENT_PROJECT_VERSION = 1;
				DEVELOPMENT_ASSET_PATHS = "\"TVFreakList/Preview Content\"";
				DEVELOPMENT_TEAM = 2NYK4JQZ6U;
				ENABLE_PREVIEWS = YES;
				GENERATE_INFOPLIST_FILE = YES;
				INFOPLIST_KEY_UILaunchScreen_Generation = YES;
				INFOPLIST_KEY_UIUserInterfaceStyle = Automatic;
				LD_RUNPATH_SEARCH_PATHS = (
					"$(inherited)",
					"@executable_path/Frameworks",
				);
				MARKETING_VERSION = 1.0;
				PRODUCT_BUNDLE_IDENTIFIER = agilefreaks.TVFreakList;
				PRODUCT_NAME = "$(TARGET_NAME)";
				SDKROOT = appletvos;
				SWIFT_EMIT_LOC_STRINGS = YES;
				SWIFT_VERSION = 5.0;
				TARGETED_DEVICE_FAMILY = 3;
				TVOS_DEPLOYMENT_TARGET = 16.4;
			};
			name = Release;
		};
		76ADF7D92A3074E100647359 /* Debug */ = {
			isa = XCBuildConfiguration;
			buildSettings = {
				ALWAYS_SEARCH_USER_PATHS = NO;
				CLANG_ANALYZER_NONNULL = YES;
				CLANG_ANALYZER_NUMBER_OBJECT_CONVERSION = YES_AGGRESSIVE;
				CLANG_CXX_LANGUAGE_STANDARD = "gnu++20";
				CLANG_ENABLE_MODULES = YES;
				CLANG_ENABLE_OBJC_ARC = YES;
				CLANG_ENABLE_OBJC_WEAK = YES;
				CLANG_WARN_BLOCK_CAPTURE_AUTORELEASING = YES;
				CLANG_WARN_BOOL_CONVERSION = YES;
				CLANG_WARN_COMMA = YES;
				CLANG_WARN_CONSTANT_CONVERSION = YES;
				CLANG_WARN_DEPRECATED_OBJC_IMPLEMENTATIONS = YES;
				CLANG_WARN_DIRECT_OBJC_ISA_USAGE = YES_ERROR;
				CLANG_WARN_DOCUMENTATION_COMMENTS = YES;
				CLANG_WARN_EMPTY_BODY = YES;
				CLANG_WARN_ENUM_CONVERSION = YES;
				CLANG_WARN_INFINITE_RECURSION = YES;
				CLANG_WARN_INT_CONVERSION = YES;
				CLANG_WARN_NON_LITERAL_NULL_CONVERSION = YES;
				CLANG_WARN_OBJC_IMPLICIT_RETAIN_SELF = YES;
				CLANG_WARN_OBJC_LITERAL_CONVERSION = YES;
				CLANG_WARN_OBJC_ROOT_CLASS = YES_ERROR;
				CLANG_WARN_QUOTED_INCLUDE_IN_FRAMEWORK_HEADER = YES;
				CLANG_WARN_RANGE_LOOP_ANALYSIS = YES;
				CLANG_WARN_STRICT_PROTOTYPES = YES;
				CLANG_WARN_SUSPICIOUS_MOVE = YES;
				CLANG_WARN_UNGUARDED_AVAILABILITY = YES_AGGRESSIVE;
				CLANG_WARN_UNREACHABLE_CODE = YES;
				CLANG_WARN__DUPLICATE_METHOD_MATCH = YES;
				COPY_PHASE_STRIP = NO;
				DEBUG_INFORMATION_FORMAT = dwarf;
				ENABLE_STRICT_OBJC_MSGSEND = YES;
				ENABLE_TESTABILITY = YES;
				GCC_C_LANGUAGE_STANDARD = gnu11;
				GCC_DYNAMIC_NO_PIC = NO;
				GCC_NO_COMMON_BLOCKS = YES;
				GCC_OPTIMIZATION_LEVEL = 0;
				GCC_PREPROCESSOR_DEFINITIONS = (
					"DEBUG=1",
					"$(inherited)",
				);
				GCC_WARN_64_TO_32_BIT_CONVERSION = YES;
				GCC_WARN_ABOUT_RETURN_TYPE = YES_ERROR;
				GCC_WARN_UNDECLARED_SELECTOR = YES;
				GCC_WARN_UNINITIALIZED_AUTOS = YES_AGGRESSIVE;
				GCC_WARN_UNUSED_FUNCTION = YES;
				GCC_WARN_UNUSED_VARIABLE = YES;
				IPHONEOS_DEPLOYMENT_TARGET = 16.4;
				MTL_ENABLE_DEBUG_INFO = INCLUDE_SOURCE;
				MTL_FAST_MATH = YES;
				ONLY_ACTIVE_ARCH = YES;
				SDKROOT = iphoneos;
				SWIFT_ACTIVE_COMPILATION_CONDITIONS = DEBUG;
				SWIFT_OPTIMIZATION_LEVEL = "-Onone";
			};
			name = Debug;
		};
		76ADF7DA2A3074E100647359 /* Release */ = {
			isa = XCBuildConfiguration;
			buildSettings = {
				ALWAYS_SEARCH_USER_PATHS = NO;
				CLANG_ANALYZER_NONNULL = YES;
				CLANG_ANALYZER_NUMBER_OBJECT_CONVERSION = YES_AGGRESSIVE;
				CLANG_CXX_LANGUAGE_STANDARD = "gnu++20";
				CLANG_ENABLE_MODULES = YES;
				CLANG_ENABLE_OBJC_ARC = YES;
				CLANG_ENABLE_OBJC_WEAK = YES;
				CLANG_WARN_BLOCK_CAPTURE_AUTORELEASING = YES;
				CLANG_WARN_BOOL_CONVERSION = YES;
				CLANG_WARN_COMMA = YES;
				CLANG_WARN_CONSTANT_CONVERSION = YES;
				CLANG_WARN_DEPRECATED_OBJC_IMPLEMENTATIONS = YES;
				CLANG_WARN_DIRECT_OBJC_ISA_USAGE = YES_ERROR;
				CLANG_WARN_DOCUMENTATION_COMMENTS = YES;
				CLANG_WARN_EMPTY_BODY = YES;
				CLANG_WARN_ENUM_CONVERSION = YES;
				CLANG_WARN_INFINITE_RECURSION = YES;
				CLANG_WARN_INT_CONVERSION = YES;
				CLANG_WARN_NON_LITERAL_NULL_CONVERSION = YES;
				CLANG_WARN_OBJC_IMPLICIT_RETAIN_SELF = YES;
				CLANG_WARN_OBJC_LITERAL_CONVERSION = YES;
				CLANG_WARN_OBJC_ROOT_CLASS = YES_ERROR;
				CLANG_WARN_QUOTED_INCLUDE_IN_FRAMEWORK_HEADER = YES;
				CLANG_WARN_RANGE_LOOP_ANALYSIS = YES;
				CLANG_WARN_STRICT_PROTOTYPES = YES;
				CLANG_WARN_SUSPICIOUS_MOVE = YES;
				CLANG_WARN_UNGUARDED_AVAILABILITY = YES_AGGRESSIVE;
				CLANG_WARN_UNREACHABLE_CODE = YES;
				CLANG_WARN__DUPLICATE_METHOD_MATCH = YES;
				COPY_PHASE_STRIP = NO;
				DEBUG_INFORMATION_FORMAT = "dwarf-with-dsym";
				ENABLE_NS_ASSERTIONS = NO;
				ENABLE_STRICT_OBJC_MSGSEND = YES;
				GCC_C_LANGUAGE_STANDARD = gnu11;
				GCC_NO_COMMON_BLOCKS = YES;
				GCC_WARN_64_TO_32_BIT_CONVERSION = YES;
				GCC_WARN_ABOUT_RETURN_TYPE = YES_ERROR;
				GCC_WARN_UNDECLARED_SELECTOR = YES;
				GCC_WARN_UNINITIALIZED_AUTOS = YES_AGGRESSIVE;
				GCC_WARN_UNUSED_FUNCTION = YES;
				GCC_WARN_UNUSED_VARIABLE = YES;
				IPHONEOS_DEPLOYMENT_TARGET = 16.4;
				MTL_ENABLE_DEBUG_INFO = NO;
				MTL_FAST_MATH = YES;
				SDKROOT = iphoneos;
				SWIFT_COMPILATION_MODE = wholemodule;
				SWIFT_OPTIMIZATION_LEVEL = "-O";
				VALIDATE_PRODUCT = YES;
			};
			name = Release;
		};
		76ADF7DC2A3074E100647359 /* Debug */ = {
			isa = XCBuildConfiguration;
			buildSettings = {
				ASSETCATALOG_COMPILER_APPICON_NAME = AppIcon;
				ASSETCATALOG_COMPILER_GLOBAL_ACCENT_COLOR_NAME = AccentColor;
				CODE_SIGN_STYLE = Automatic;
				CURRENT_PROJECT_VERSION = 1;
				DEVELOPMENT_ASSET_PATHS = "\"FreaksList/Preview Content\"";
				DEVELOPMENT_TEAM = 2NYK4JQZ6U;
				ENABLE_PREVIEWS = YES;
				GENERATE_INFOPLIST_FILE = YES;
				INFOPLIST_KEY_UIApplicationSceneManifest_Generation = YES;
				INFOPLIST_KEY_UIApplicationSupportsIndirectInputEvents = YES;
				INFOPLIST_KEY_UILaunchScreen_Generation = YES;
				INFOPLIST_KEY_UISupportedInterfaceOrientations_iPad = "UIInterfaceOrientationPortrait UIInterfaceOrientationPortraitUpsideDown UIInterfaceOrientationLandscapeLeft UIInterfaceOrientationLandscapeRight";
				INFOPLIST_KEY_UISupportedInterfaceOrientations_iPhone = "UIInterfaceOrientationPortrait UIInterfaceOrientationLandscapeLeft UIInterfaceOrientationLandscapeRight";
				LD_RUNPATH_SEARCH_PATHS = (
					"$(inherited)",
					"@executable_path/Frameworks",
				);
				MARKETING_VERSION = 1.0;
				PRODUCT_BUNDLE_IDENTIFIER = agilefreaks.FreaksList;
				PRODUCT_NAME = "$(TARGET_NAME)";
				SWIFT_EMIT_LOC_STRINGS = YES;
				SWIFT_VERSION = 5.0;
				TARGETED_DEVICE_FAMILY = "1,2";
			};
			name = Debug;
		};
		76ADF7DD2A3074E100647359 /* Release */ = {
			isa = XCBuildConfiguration;
			buildSettings = {
				ASSETCATALOG_COMPILER_APPICON_NAME = AppIcon;
				ASSETCATALOG_COMPILER_GLOBAL_ACCENT_COLOR_NAME = AccentColor;
				CODE_SIGN_STYLE = Automatic;
				CURRENT_PROJECT_VERSION = 1;
				DEVELOPMENT_ASSET_PATHS = "\"FreaksList/Preview Content\"";
				DEVELOPMENT_TEAM = 2NYK4JQZ6U;
				ENABLE_PREVIEWS = YES;
				GENERATE_INFOPLIST_FILE = YES;
				INFOPLIST_KEY_UIApplicationSceneManifest_Generation = YES;
				INFOPLIST_KEY_UIApplicationSupportsIndirectInputEvents = YES;
				INFOPLIST_KEY_UILaunchScreen_Generation = YES;
				INFOPLIST_KEY_UISupportedInterfaceOrientations_iPad = "UIInterfaceOrientationPortrait UIInterfaceOrientationPortraitUpsideDown UIInterfaceOrientationLandscapeLeft UIInterfaceOrientationLandscapeRight";
				INFOPLIST_KEY_UISupportedInterfaceOrientations_iPhone = "UIInterfaceOrientationPortrait UIInterfaceOrientationLandscapeLeft UIInterfaceOrientationLandscapeRight";
				LD_RUNPATH_SEARCH_PATHS = (
					"$(inherited)",
					"@executable_path/Frameworks",
				);
				MARKETING_VERSION = 1.0;
				PRODUCT_BUNDLE_IDENTIFIER = agilefreaks.FreaksList;
				PRODUCT_NAME = "$(TARGET_NAME)";
				SWIFT_EMIT_LOC_STRINGS = YES;
				SWIFT_VERSION = 5.0;
				TARGETED_DEVICE_FAMILY = "1,2";
			};
			name = Release;
		};
/* End XCBuildConfiguration section */

/* Begin XCConfigurationList section */
		761598FC2A3B3A1F005864F7 /* Build configuration list for PBXNativeTarget "TVFreakList" */ = {
			isa = XCConfigurationList;
			buildConfigurations = (
				761598FA2A3B3A1F005864F7 /* Debug */,
				761598FB2A3B3A1F005864F7 /* Release */,
			);
			defaultConfigurationIsVisible = 0;
			defaultConfigurationName = Release;
		};
		76ADF7C82A3074E000647359 /* Build configuration list for PBXProject "FreaksList" */ = {
			isa = XCConfigurationList;
			buildConfigurations = (
				76ADF7D92A3074E100647359 /* Debug */,
				76ADF7DA2A3074E100647359 /* Release */,
			);
			defaultConfigurationIsVisible = 0;
			defaultConfigurationName = Release;
		};
		76ADF7DB2A3074E100647359 /* Build configuration list for PBXNativeTarget "FreaksList" */ = {
			isa = XCConfigurationList;
			buildConfigurations = (
				76ADF7DC2A3074E100647359 /* Debug */,
				76ADF7DD2A3074E100647359 /* Release */,
			);
			defaultConfigurationIsVisible = 0;
			defaultConfigurationName = Release;
		};
/* End XCConfigurationList section */
	};
	rootObject = 76ADF7C52A3074E000647359 /* Project object */;
}
